// !$*UTF8*$!
{
	archiveVersion = 1;
	classes = {
	};
	objectVersion = 46;
	objects = {

/* Begin PBXBuildFile section */
		B79623741BEEA0CC00ABFB72 /* SignUpViewController.swift in Sources */ = {isa = PBXBuildFile; fileRef = B79623731BEEA0CC00ABFB72 /* SignUpViewController.swift */; };
		D45FE22E1BEF2DF700632881 /* NewPlanViewController.swift in Sources */ = {isa = PBXBuildFile; fileRef = D45FE22D1BEF2DF700632881 /* NewPlanViewController.swift */; };
		D4EEF7521BEE9D550057BF9A /* AppDelegate.swift in Sources */ = {isa = PBXBuildFile; fileRef = D4EEF7511BEE9D550057BF9A /* AppDelegate.swift */; };
		D4EEF7541BEE9D550057BF9A /* ViewController.swift in Sources */ = {isa = PBXBuildFile; fileRef = D4EEF7531BEE9D550057BF9A /* ViewController.swift */; };
		D4EEF7571BEE9D550057BF9A /* Main.storyboard in Resources */ = {isa = PBXBuildFile; fileRef = D4EEF7551BEE9D550057BF9A /* Main.storyboard */; };
		D4EEF75A1BEE9D550057BF9A /* taurus.xcdatamodeld in Sources */ = {isa = PBXBuildFile; fileRef = D4EEF7581BEE9D550057BF9A /* taurus.xcdatamodeld */; };
		D4EEF75C1BEE9D550057BF9A /* Assets.xcassets in Resources */ = {isa = PBXBuildFile; fileRef = D4EEF75B1BEE9D550057BF9A /* Assets.xcassets */; };
		D4EEF75F1BEE9D550057BF9A /* LaunchScreen.storyboard in Resources */ = {isa = PBXBuildFile; fileRef = D4EEF75D1BEE9D550057BF9A /* LaunchScreen.storyboard */; };
		D4EEF76A1BEE9D550057BF9A /* taurusTests.swift in Sources */ = {isa = PBXBuildFile; fileRef = D4EEF7691BEE9D550057BF9A /* taurusTests.swift */; };
		D4EEF7751BEE9D550057BF9A /* taurusUITests.swift in Sources */ = {isa = PBXBuildFile; fileRef = D4EEF7741BEE9D550057BF9A /* taurusUITests.swift */; };
		D4EEF7851BEEA9B60057BF9A /* ChatListTableViewCell.swift in Sources */ = {isa = PBXBuildFile; fileRef = D4EEF7841BEEA9B60057BF9A /* ChatListTableViewCell.swift */; };
		D4EEF7871BEEACB50057BF9A /* ChatListViewController.swift in Sources */ = {isa = PBXBuildFile; fileRef = D4EEF7861BEEACB50057BF9A /* ChatListViewController.swift */; };
		D4EEF7891BEEBCE70057BF9A /* FriendsListViewController.swift in Sources */ = {isa = PBXBuildFile; fileRef = D4EEF7881BEEBCE70057BF9A /* FriendsListViewController.swift */; };
		D4EEF78B1BEEBD4F0057BF9A /* FriendsListTableViewCell.swift in Sources */ = {isa = PBXBuildFile; fileRef = D4EEF78A1BEEBD4F0057BF9A /* FriendsListTableViewCell.swift */; };
		D4EEF78D1BEEE09C0057BF9A /* CombinedViewController.swift in Sources */ = {isa = PBXBuildFile; fileRef = D4EEF78C1BEEE09C0057BF9A /* CombinedViewController.swift */; };
/* End PBXBuildFile section */

/* Begin PBXContainerItemProxy section */
		D4EEF7661BEE9D550057BF9A /* PBXContainerItemProxy */ = {
			isa = PBXContainerItemProxy;
			containerPortal = D4EEF7461BEE9D550057BF9A /* Project object */;
			proxyType = 1;
			remoteGlobalIDString = D4EEF74D1BEE9D550057BF9A;
			remoteInfo = taurus;
		};
		D4EEF7711BEE9D550057BF9A /* PBXContainerItemProxy */ = {
			isa = PBXContainerItemProxy;
			containerPortal = D4EEF7461BEE9D550057BF9A /* Project object */;
			proxyType = 1;
			remoteGlobalIDString = D4EEF74D1BEE9D550057BF9A;
			remoteInfo = taurus;
		};
/* End PBXContainerItemProxy section */

/* Begin PBXFileReference section */
		B79623731BEEA0CC00ABFB72 /* SignUpViewController.swift */ = {isa = PBXFileReference; fileEncoding = 4; lastKnownFileType = sourcecode.swift; path = SignUpViewController.swift; sourceTree = "<group>"; };
		D45FE22D1BEF2DF700632881 /* NewPlanViewController.swift */ = {isa = PBXFileReference; fileEncoding = 4; lastKnownFileType = sourcecode.swift; path = NewPlanViewController.swift; sourceTree = "<group>"; };
		D4EEF74E1BEE9D550057BF9A /* taurus.app */ = {isa = PBXFileReference; explicitFileType = wrapper.application; includeInIndex = 0; path = taurus.app; sourceTree = BUILT_PRODUCTS_DIR; };
		D4EEF7511BEE9D550057BF9A /* AppDelegate.swift */ = {isa = PBXFileReference; lastKnownFileType = sourcecode.swift; path = AppDelegate.swift; sourceTree = "<group>"; };
		D4EEF7531BEE9D550057BF9A /* ViewController.swift */ = {isa = PBXFileReference; lastKnownFileType = sourcecode.swift; path = ViewController.swift; sourceTree = "<group>"; };
		D4EEF7561BEE9D550057BF9A /* Base */ = {isa = PBXFileReference; lastKnownFileType = file.storyboard; name = Base; path = Base.lproj/Main.storyboard; sourceTree = "<group>"; };
		D4EEF7591BEE9D550057BF9A /* taurus.xcdatamodel */ = {isa = PBXFileReference; lastKnownFileType = wrapper.xcdatamodel; path = taurus.xcdatamodel; sourceTree = "<group>"; };
		D4EEF75B1BEE9D550057BF9A /* Assets.xcassets */ = {isa = PBXFileReference; lastKnownFileType = folder.assetcatalog; path = Assets.xcassets; sourceTree = "<group>"; };
		D4EEF75E1BEE9D550057BF9A /* Base */ = {isa = PBXFileReference; lastKnownFileType = file.storyboard; name = Base; path = Base.lproj/LaunchScreen.storyboard; sourceTree = "<group>"; };
		D4EEF7601BEE9D550057BF9A /* Info.plist */ = {isa = PBXFileReference; lastKnownFileType = text.plist.xml; path = Info.plist; sourceTree = "<group>"; };
		D4EEF7651BEE9D550057BF9A /* taurusTests.xctest */ = {isa = PBXFileReference; explicitFileType = wrapper.cfbundle; includeInIndex = 0; path = taurusTests.xctest; sourceTree = BUILT_PRODUCTS_DIR; };
		D4EEF7691BEE9D550057BF9A /* taurusTests.swift */ = {isa = PBXFileReference; lastKnownFileType = sourcecode.swift; path = taurusTests.swift; sourceTree = "<group>"; };
		D4EEF76B1BEE9D550057BF9A /* Info.plist */ = {isa = PBXFileReference; lastKnownFileType = text.plist.xml; path = Info.plist; sourceTree = "<group>"; };
		D4EEF7701BEE9D550057BF9A /* taurusUITests.xctest */ = {isa = PBXFileReference; explicitFileType = wrapper.cfbundle; includeInIndex = 0; path = taurusUITests.xctest; sourceTree = BUILT_PRODUCTS_DIR; };
		D4EEF7741BEE9D550057BF9A /* taurusUITests.swift */ = {isa = PBXFileReference; lastKnownFileType = sourcecode.swift; path = taurusUITests.swift; sourceTree = "<group>"; };
		D4EEF7761BEE9D550057BF9A /* Info.plist */ = {isa = PBXFileReference; lastKnownFileType = text.plist.xml; path = Info.plist; sourceTree = "<group>"; };
		D4EEF7841BEEA9B60057BF9A /* ChatListTableViewCell.swift */ = {isa = PBXFileReference; fileEncoding = 4; lastKnownFileType = sourcecode.swift; path = ChatListTableViewCell.swift; sourceTree = "<group>"; };
		D4EEF7861BEEACB50057BF9A /* ChatListViewController.swift */ = {isa = PBXFileReference; fileEncoding = 4; lastKnownFileType = sourcecode.swift; path = ChatListViewController.swift; sourceTree = "<group>"; };
		D4EEF7881BEEBCE70057BF9A /* FriendsListViewController.swift */ = {isa = PBXFileReference; fileEncoding = 4; lastKnownFileType = sourcecode.swift; path = FriendsListViewController.swift; sourceTree = "<group>"; };
		D4EEF78A1BEEBD4F0057BF9A /* FriendsListTableViewCell.swift */ = {isa = PBXFileReference; fileEncoding = 4; lastKnownFileType = sourcecode.swift; path = FriendsListTableViewCell.swift; sourceTree = "<group>"; };
		D4EEF78C1BEEE09C0057BF9A /* CombinedViewController.swift */ = {isa = PBXFileReference; fileEncoding = 4; lastKnownFileType = sourcecode.swift; path = CombinedViewController.swift; sourceTree = "<group>"; };
/* End PBXFileReference section */

/* Begin PBXFrameworksBuildPhase section */
		D4EEF74B1BEE9D550057BF9A /* Frameworks */ = {
			isa = PBXFrameworksBuildPhase;
			buildActionMask = 2147483647;
			files = (
			);
			runOnlyForDeploymentPostprocessing = 0;
		};
		D4EEF7621BEE9D550057BF9A /* Frameworks */ = {
			isa = PBXFrameworksBuildPhase;
			buildActionMask = 2147483647;
			files = (
			);
			runOnlyForDeploymentPostprocessing = 0;
		};
		D4EEF76D1BEE9D550057BF9A /* Frameworks */ = {
			isa = PBXFrameworksBuildPhase;
			buildActionMask = 2147483647;
			files = (
			);
			runOnlyForDeploymentPostprocessing = 0;
		};
/* End PBXFrameworksBuildPhase section */

/* Begin PBXGroup section */
		D4EEF7451BEE9D550057BF9A = {
			isa = PBXGroup;
			children = (
				D4EEF7501BEE9D550057BF9A /* taurus */,
				D4EEF7681BEE9D550057BF9A /* taurusTests */,
				D4EEF7731BEE9D550057BF9A /* taurusUITests */,
				D4EEF74F1BEE9D550057BF9A /* Products */,
			);
			sourceTree = "<group>";
		};
		D4EEF74F1BEE9D550057BF9A /* Products */ = {
			isa = PBXGroup;
			children = (
				D4EEF74E1BEE9D550057BF9A /* taurus.app */,
				D4EEF7651BEE9D550057BF9A /* taurusTests.xctest */,
				D4EEF7701BEE9D550057BF9A /* taurusUITests.xctest */,
			);
			name = Products;
			sourceTree = "<group>";
		};
		D4EEF7501BEE9D550057BF9A /* taurus */ = {
			isa = PBXGroup;
			children = (
				D4EEF7511BEE9D550057BF9A /* AppDelegate.swift */,
				D4EEF7531BEE9D550057BF9A /* ViewController.swift */,
				D4EEF7551BEE9D550057BF9A /* Main.storyboard */,
				B79623731BEEA0CC00ABFB72 /* SignUpViewController.swift */,
				D4EEF75B1BEE9D550057BF9A /* Assets.xcassets */,
				D4EEF75D1BEE9D550057BF9A /* LaunchScreen.storyboard */,
				D4EEF78A1BEEBD4F0057BF9A /* FriendsListTableViewCell.swift */,
				D4EEF7881BEEBCE70057BF9A /* FriendsListViewController.swift */,
				D4EEF7841BEEA9B60057BF9A /* ChatListTableViewCell.swift */,
				D4EEF7861BEEACB50057BF9A /* ChatListViewController.swift */,
				D4EEF78C1BEEE09C0057BF9A /* CombinedViewController.swift */,
				D4EEF7601BEE9D550057BF9A /* Info.plist */,
				D45FE22D1BEF2DF700632881 /* NewPlanViewController.swift */,
				D4EEF7581BEE9D550057BF9A /* taurus.xcdatamodeld */,
			);
			path = taurus;
			sourceTree = "<group>";
		};
		D4EEF7681BEE9D550057BF9A /* taurusTests */ = {
			isa = PBXGroup;
			children = (
				D4EEF7691BEE9D550057BF9A /* taurusTests.swift */,
				D4EEF76B1BEE9D550057BF9A /* Info.plist */,
			);
			path = taurusTests;
			sourceTree = "<group>";
		};
		D4EEF7731BEE9D550057BF9A /* taurusUITests */ = {
			isa = PBXGroup;
			children = (
				D4EEF7741BEE9D550057BF9A /* taurusUITests.swift */,
				D4EEF7761BEE9D550057BF9A /* Info.plist */,
			);
			path = taurusUITests;
			sourceTree = "<group>";
		};
/* End PBXGroup section */

/* Begin PBXNativeTarget section */
		D4EEF74D1BEE9D550057BF9A /* taurus */ = {
			isa = PBXNativeTarget;
			buildConfigurationList = D4EEF7791BEE9D550057BF9A /* Build configuration list for PBXNativeTarget "taurus" */;
			buildPhases = (
				D4EEF74A1BEE9D550057BF9A /* Sources */,
				D4EEF74B1BEE9D550057BF9A /* Frameworks */,
				D4EEF74C1BEE9D550057BF9A /* Resources */,
			);
			buildRules = (
			);
			dependencies = (
			);
			name = taurus;
			productName = taurus;
			productReference = D4EEF74E1BEE9D550057BF9A /* taurus.app */;
			productType = "com.apple.product-type.application";
		};
		D4EEF7641BEE9D550057BF9A /* taurusTests */ = {
			isa = PBXNativeTarget;
			buildConfigurationList = D4EEF77C1BEE9D550057BF9A /* Build configuration list for PBXNativeTarget "taurusTests" */;
			buildPhases = (
				D4EEF7611BEE9D550057BF9A /* Sources */,
				D4EEF7621BEE9D550057BF9A /* Frameworks */,
				D4EEF7631BEE9D550057BF9A /* Resources */,
			);
			buildRules = (
			);
			dependencies = (
				D4EEF7671BEE9D550057BF9A /* PBXTargetDependency */,
			);
			name = taurusTests;
			productName = taurusTests;
			productReference = D4EEF7651BEE9D550057BF9A /* taurusTests.xctest */;
			productType = "com.apple.product-type.bundle.unit-test";
		};
		D4EEF76F1BEE9D550057BF9A /* taurusUITests */ = {
			isa = PBXNativeTarget;
			buildConfigurationList = D4EEF77F1BEE9D550057BF9A /* Build configuration list for PBXNativeTarget "taurusUITests" */;
			buildPhases = (
				D4EEF76C1BEE9D550057BF9A /* Sources */,
				D4EEF76D1BEE9D550057BF9A /* Frameworks */,
				D4EEF76E1BEE9D550057BF9A /* Resources */,
			);
			buildRules = (
			);
			dependencies = (
				D4EEF7721BEE9D550057BF9A /* PBXTargetDependency */,
			);
			name = taurusUITests;
			productName = taurusUITests;
			productReference = D4EEF7701BEE9D550057BF9A /* taurusUITests.xctest */;
			productType = "com.apple.product-type.bundle.ui-testing";
		};
/* End PBXNativeTarget section */

/* Begin PBXProject section */
		D4EEF7461BEE9D550057BF9A /* Project object */ = {
			isa = PBXProject;
			attributes = {
				LastSwiftUpdateCheck = 0710;
				LastUpgradeCheck = 0710;
				ORGANIZATIONNAME = "Srinivasan Sundaramoorthy";
				TargetAttributes = {
					D4EEF74D1BEE9D550057BF9A = {
						CreatedOnToolsVersion = 7.1;
						DevelopmentTeam = 635S95WM97;
					};
					D4EEF7641BEE9D550057BF9A = {
						CreatedOnToolsVersion = 7.1;
						TestTargetID = D4EEF74D1BEE9D550057BF9A;
					};
					D4EEF76F1BEE9D550057BF9A = {
						CreatedOnToolsVersion = 7.1;
						TestTargetID = D4EEF74D1BEE9D550057BF9A;
					};
				};
			};
			buildConfigurationList = D4EEF7491BEE9D550057BF9A /* Build configuration list for PBXProject "taurus" */;
			compatibilityVersion = "Xcode 3.2";
			developmentRegion = English;
			hasScannedForEncodings = 0;
			knownRegions = (
				en,
				Base,
			);
			mainGroup = D4EEF7451BEE9D550057BF9A;
			productRefGroup = D4EEF74F1BEE9D550057BF9A /* Products */;
			projectDirPath = "";
			projectRoot = "";
			targets = (
				D4EEF74D1BEE9D550057BF9A /* taurus */,
				D4EEF7641BEE9D550057BF9A /* taurusTests */,
				D4EEF76F1BEE9D550057BF9A /* taurusUITests */,
			);
		};
/* End PBXProject section */

/* Begin PBXResourcesBuildPhase section */
		D4EEF74C1BEE9D550057BF9A /* Resources */ = {
			isa = PBXResourcesBuildPhase;
			buildActionMask = 2147483647;
			files = (
				D4EEF75F1BEE9D550057BF9A /* LaunchScreen.storyboard in Resources */,
				D4EEF75C1BEE9D550057BF9A /* Assets.xcassets in Resources */,
				D4EEF7571BEE9D550057BF9A /* Main.storyboard in Resources */,
			);
			runOnlyForDeploymentPostprocessing = 0;
		};
		D4EEF7631BEE9D550057BF9A /* Resources */ = {
			isa = PBXResourcesBuildPhase;
			buildActionMask = 2147483647;
			files = (
			);
			runOnlyForDeploymentPostprocessing = 0;
		};
		D4EEF76E1BEE9D550057BF9A /* Resources */ = {
			isa = PBXResourcesBuildPhase;
			buildActionMask = 2147483647;
			files = (
			);
			runOnlyForDeploymentPostprocessing = 0;
		};
/* End PBXResourcesBuildPhase section */

/* Begin PBXSourcesBuildPhase section */
		D4EEF74A1BEE9D550057BF9A /* Sources */ = {
			isa = PBXSourcesBuildPhase;
			buildActionMask = 2147483647;
			files = (
				D45FE22E1BEF2DF700632881 /* NewPlanViewController.swift in Sources */,
				D4EEF7541BEE9D550057BF9A /* ViewController.swift in Sources */,
				D4EEF7851BEEA9B60057BF9A /* ChatListTableViewCell.swift in Sources */,
				D4EEF78D1BEEE09C0057BF9A /* CombinedViewController.swift in Sources */,
				D4EEF7891BEEBCE70057BF9A /* FriendsListViewController.swift in Sources */,
				D4EEF78B1BEEBD4F0057BF9A /* FriendsListTableViewCell.swift in Sources */,
				D4EEF75A1BEE9D550057BF9A /* taurus.xcdatamodeld in Sources */,
				B79623741BEEA0CC00ABFB72 /* SignUpViewController.swift in Sources */,
				D4EEF7521BEE9D550057BF9A /* AppDelegate.swift in Sources */,
				D4EEF7871BEEACB50057BF9A /* ChatListViewController.swift in Sources */,
			);
			runOnlyForDeploymentPostprocessing = 0;
		};
		D4EEF7611BEE9D550057BF9A /* Sources */ = {
			isa = PBXSourcesBuildPhase;
			buildActionMask = 2147483647;
			files = (
				D4EEF76A1BEE9D550057BF9A /* taurusTests.swift in Sources */,
			);
			runOnlyForDeploymentPostprocessing = 0;
		};
		D4EEF76C1BEE9D550057BF9A /* Sources */ = {
			isa = PBXSourcesBuildPhase;
			buildActionMask = 2147483647;
			files = (
				D4EEF7751BEE9D550057BF9A /* taurusUITests.swift in Sources */,
			);
			runOnlyForDeploymentPostprocessing = 0;
		};
/* End PBXSourcesBuildPhase section */

/* Begin PBXTargetDependency section */
		D4EEF7671BEE9D550057BF9A /* PBXTargetDependency */ = {
			isa = PBXTargetDependency;
			target = D4EEF74D1BEE9D550057BF9A /* taurus */;
			targetProxy = D4EEF7661BEE9D550057BF9A /* PBXContainerItemProxy */;
		};
		D4EEF7721BEE9D550057BF9A /* PBXTargetDependency */ = {
			isa = PBXTargetDependency;
			target = D4EEF74D1BEE9D550057BF9A /* taurus */;
			targetProxy = D4EEF7711BEE9D550057BF9A /* PBXContainerItemProxy */;
		};
/* End PBXTargetDependency section */

/* Begin PBXVariantGroup section */
		D4EEF7551BEE9D550057BF9A /* Main.storyboard */ = {
			isa = PBXVariantGroup;
			children = (
				D4EEF7561BEE9D550057BF9A /* Base */,
			);
			name = Main.storyboard;
			sourceTree = "<group>";
		};
		D4EEF75D1BEE9D550057BF9A /* LaunchScreen.storyboard */ = {
			isa = PBXVariantGroup;
			children = (
				D4EEF75E1BEE9D550057BF9A /* Base */,
			);
			name = LaunchScreen.storyboard;
			sourceTree = "<group>";
		};
/* End PBXVariantGroup section */

/* Begin XCBuildConfiguration section */
		D4EEF7771BEE9D550057BF9A /* Debug */ = {
			isa = XCBuildConfiguration;
			buildSettings = {
				ALWAYS_SEARCH_USER_PATHS = NO;
				CLANG_CXX_LANGUAGE_STANDARD = "gnu++0x";
				CLANG_CXX_LIBRARY = "libc++";
				CLANG_ENABLE_MODULES = YES;
				CLANG_ENABLE_OBJC_ARC = YES;
				CLANG_WARN_BOOL_CONVERSION = YES;
				CLANG_WARN_CONSTANT_CONVERSION = YES;
				CLANG_WARN_DIRECT_OBJC_ISA_USAGE = YES_ERROR;
				CLANG_WARN_EMPTY_BODY = YES;
				CLANG_WARN_ENUM_CONVERSION = YES;
				CLANG_WARN_INT_CONVERSION = YES;
				CLANG_WARN_OBJC_ROOT_CLASS = YES_ERROR;
				CLANG_WARN_UNREACHABLE_CODE = YES;
				CLANG_WARN__DUPLICATE_METHOD_MATCH = YES;
				"CODE_SIGN_IDENTITY[sdk=iphoneos*]" = "iPhone Developer";
				COPY_PHASE_STRIP = NO;
				DEBUG_INFORMATION_FORMAT = dwarf;
				ENABLE_STRICT_OBJC_MSGSEND = YES;
				ENABLE_TESTABILITY = YES;
				GCC_C_LANGUAGE_STANDARD = gnu99;
				GCC_DYNAMIC_NO_PIC = NO;
				GCC_NO_COMMON_BLOCKS = YES;
				GCC_OPTIMIZATION_LEVEL = 0;
				GCC_PREPROCESSOR_DEFINITIONS = (
					"DEBUG=1",
					"$(inherited)",
				);
				GCC_WARN_64_TO_32_BIT_CONVERSION = YES;
				GCC_WARN_ABOUT_RETURN_TYPE = YES_ERROR;
				GCC_WARN_UNDECLARED_SELECTOR = YES;
				GCC_WARN_UNINITIALIZED_AUTOS = YES_AGGRESSIVE;
				GCC_WARN_UNUSED_FUNCTION = YES;
				GCC_WARN_UNUSED_VARIABLE = YES;
				IPHONEOS_DEPLOYMENT_TARGET = 9.1;
				MTL_ENABLE_DEBUG_INFO = YES;
				ONLY_ACTIVE_ARCH = YES;
				SDKROOT = iphoneos;
				SWIFT_OPTIMIZATION_LEVEL = "-Onone";
				TARGETED_DEVICE_FAMILY = "1,2";
			};
			name = Debug;
		};
		D4EEF7781BEE9D550057BF9A /* Release */ = {
			isa = XCBuildConfiguration;
			buildSettings = {
				ALWAYS_SEARCH_USER_PATHS = NO;
				CLANG_CXX_LANGUAGE_STANDARD = "gnu++0x";
				CLANG_CXX_LIBRARY = "libc++";
				CLANG_ENABLE_MODULES = YES;
				CLANG_ENABLE_OBJC_ARC = YES;
				CLANG_WARN_BOOL_CONVERSION = YES;
				CLANG_WARN_CONSTANT_CONVERSION = YES;
				CLANG_WARN_DIRECT_OBJC_ISA_USAGE = YES_ERROR;
				CLANG_WARN_EMPTY_BODY = YES;
				CLANG_WARN_ENUM_CONVERSION = YES;
				CLANG_WARN_INT_CONVERSION = YES;
				CLANG_WARN_OBJC_ROOT_CLASS = YES_ERROR;
				CLANG_WARN_UNREACHABLE_CODE = YES;
				CLANG_WARN__DUPLICATE_METHOD_MATCH = YES;
				"CODE_SIGN_IDENTITY[sdk=iphoneos*]" = "iPhone Developer";
				COPY_PHASE_STRIP = NO;
				DEBUG_INFORMATION_FORMAT = "dwarf-with-dsym";
				ENABLE_NS_ASSERTIONS = NO;
				ENABLE_STRICT_OBJC_MSGSEND = YES;
				GCC_C_LANGUAGE_STANDARD = gnu99;
				GCC_NO_COMMON_BLOCKS = YES;
				GCC_WARN_64_TO_32_BIT_CONVERSION = YES;
				GCC_WARN_ABOUT_RETURN_TYPE = YES_ERROR;
				GCC_WARN_UNDECLARED_SELECTOR = YES;
				GCC_WARN_UNINITIALIZED_AUTOS = YES_AGGRESSIVE;
				GCC_WARN_UNUSED_FUNCTION = YES;
				GCC_WARN_UNUSED_VARIABLE = YES;
				IPHONEOS_DEPLOYMENT_TARGET = 9.1;
				MTL_ENABLE_DEBUG_INFO = NO;
				SDKROOT = iphoneos;
				TARGETED_DEVICE_FAMILY = "1,2";
				VALIDATE_PRODUCT = YES;
			};
			name = Release;
		};
		D4EEF77A1BEE9D550057BF9A /* Debug */ = {
			isa = XCBuildConfiguration;
			buildSettings = {
				ASSETCATALOG_COMPILER_APPICON_NAME = AppIcon;
				CODE_SIGN_IDENTITY = "iPhone Developer";
				INFOPLIST_FILE = taurus/Info.plist;
				IPHONEOS_DEPLOYMENT_TARGET = 9.0;
				LD_RUNPATH_SEARCH_PATHS = "$(inherited) @executable_path/Frameworks";
				PRODUCT_BUNDLE_IDENTIFIER = ravi.taurus;
				PRODUCT_NAME = "$(TARGET_NAME)";
				TARGETED_DEVICE_FAMILY = "1,2";
			};
			name = Debug;
		};
		D4EEF77B1BEE9D550057BF9A /* Release */ = {
			isa = XCBuildConfiguration;
			buildSettings = {
				ASSETCATALOG_COMPILER_APPICON_NAME = AppIcon;
				CODE_SIGN_IDENTITY = "iPhone Developer";
				INFOPLIST_FILE = taurus/Info.plist;
				IPHONEOS_DEPLOYMENT_TARGET = 9.0;
				LD_RUNPATH_SEARCH_PATHS = "$(inherited) @executable_path/Frameworks";
				PRODUCT_BUNDLE_IDENTIFIER = ravi.taurus;
				PRODUCT_NAME = "$(TARGET_NAME)";
				TARGETED_DEVICE_FAMILY = "1,2";
			};
			name = Release;
		};
		D4EEF77D1BEE9D550057BF9A /* Debug */ = {
			isa = XCBuildConfiguration;
			buildSettings = {
				BUNDLE_LOADER = "$(TEST_HOST)";
				INFOPLIST_FILE = taurusTests/Info.plist;
				LD_RUNPATH_SEARCH_PATHS = "$(inherited) @executable_path/Frameworks @loader_path/Frameworks";
				PRODUCT_BUNDLE_IDENTIFIER = Srinivasan.taurusTests;
				PRODUCT_NAME = "$(TARGET_NAME)";
				TEST_HOST = "$(BUILT_PRODUCTS_DIR)/taurus.app/taurus";
			};
			name = Debug;
		};
		D4EEF77E1BEE9D550057BF9A /* Release */ = {
			isa = XCBuildConfiguration;
			buildSettings = {
				BUNDLE_LOADER = "$(TEST_HOST)";
				INFOPLIST_FILE = taurusTests/Info.plist;
				LD_RUNPATH_SEARCH_PATHS = "$(inherited) @executable_path/Frameworks @loader_path/Frameworks";
				PRODUCT_BUNDLE_IDENTIFIER = Srinivasan.taurusTests;
				PRODUCT_NAME = "$(TARGET_NAME)";
				TEST_HOST = "$(BUILT_PRODUCTS_DIR)/taurus.app/taurus";
			};
			name = Release;
		};
		D4EEF7801BEE9D550057BF9A /* Debug */ = {
			isa = XCBuildConfiguration;
			buildSettings = {
				INFOPLIST_FILE = taurusUITests/Info.plist;
				LD_RUNPATH_SEARCH_PATHS = "$(inherited) @executable_path/Frameworks @loader_path/Frameworks";
				PRODUCT_BUNDLE_IDENTIFIER = Srinivasan.taurusUITests;
				PRODUCT_NAME = "$(TARGET_NAME)";
				TEST_TARGET_NAME = taurus;
				USES_XCTRUNNER = YES;
			};
			name = Debug;
		};
		D4EEF7811BEE9D550057BF9A /* Release */ = {
			isa = XCBuildConfiguration;
			buildSettings = {
				INFOPLIST_FILE = taurusUITests/Info.plist;
				LD_RUNPATH_SEARCH_PATHS = "$(inherited) @executable_path/Frameworks @loader_path/Frameworks";
				PRODUCT_BUNDLE_IDENTIFIER = Srinivasan.taurusUITests;
				PRODUCT_NAME = "$(TARGET_NAME)";
				TEST_TARGET_NAME = taurus;
				USES_XCTRUNNER = YES;
			};
			name = Release;
		};
/* End XCBuildConfiguration section */

/* Begin XCConfigurationList section */
		D4EEF7491BEE9D550057BF9A /* Build configuration list for PBXProject "taurus" */ = {
			isa = XCConfigurationList;
			buildConfigurations = (
				D4EEF7771BEE9D550057BF9A /* Debug */,
				D4EEF7781BEE9D550057BF9A /* Release */,
			);
			defaultConfigurationIsVisible = 0;
			defaultConfigurationName = Release;
		};
		D4EEF7791BEE9D550057BF9A /* Build configuration list for PBXNativeTarget "taurus" */ = {
			isa = XCConfigurationList;
			buildConfigurations = (
				D4EEF77A1BEE9D550057BF9A /* Debug */,
				D4EEF77B1BEE9D550057BF9A /* Release */,
			);
			defaultConfigurationIsVisible = 0;
			defaultConfigurationName = Release;
		};
		D4EEF77C1BEE9D550057BF9A /* Build configuration list for PBXNativeTarget "taurusTests" */ = {
			isa = XCConfigurationList;
			buildConfigurations = (
				D4EEF77D1BEE9D550057BF9A /* Debug */,
				D4EEF77E1BEE9D550057BF9A /* Release */,
			);
			defaultConfigurationIsVisible = 0;
			defaultConfigurationName = Release;
		};
		D4EEF77F1BEE9D550057BF9A /* Build configuration list for PBXNativeTarget "taurusUITests" */ = {
			isa = XCConfigurationList;
			buildConfigurations = (
				D4EEF7801BEE9D550057BF9A /* Debug */,
				D4EEF7811BEE9D550057BF9A /* Release */,
			);
			defaultConfigurationIsVisible = 0;
			defaultConfigurationName = Release;
		};
/* End XCConfigurationList section */

/* Begin XCVersionGroup section */
		D4EEF7581BEE9D550057BF9A /* taurus.xcdatamodeld */ = {
			isa = XCVersionGroup;
			children = (
				D4EEF7591BEE9D550057BF9A /* taurus.xcdatamodel */,
			);
			currentVersion = D4EEF7591BEE9D550057BF9A /* taurus.xcdatamodel */;
			path = taurus.xcdatamodeld;
			sourceTree = "<group>";
			versionGroupType = wrapper.xcdatamodel;
		};
/* End XCVersionGroup section */
	};
	rootObject = D4EEF7461BEE9D550057BF9A /* Project object */;
}
